github.com/Azure/azure-sdk-for-go/sdk/azcore v1.4.0 h1:rTnT/Jrcm+figWlYz4Ixzt0SJVR2cMC8lvZcimipiEY=
github.com/Azure/azure-sdk-for-go/sdk/azcore v1.4.0/go.mod h1:ON4tFdPTwRcgWEaVDrN3584Ef+b7GgSJaXxe5fW9t4M=
github.com/Azure/azure-sdk-for-go/sdk/internal v1.2.0 h1:leh5DwKv6Ihwi+h60uHtn6UWAxBbZ0q8DwQVMzf61zw=
github.com/Azure/azure-sdk-for-go/sdk/internal v1.2.0/go.mod h1:eWRD7oawr1Mu1sLCawqVc0CUiF43ia3qQMxLscsKQ9w=
github.com/Azure/azure-sdk-for-go/sdk/messaging/azeventhubs v1.0.1 h1:7G4EhZbWFwfgkNfJkNoZmFL8FfWT6P96YVwG71uhNxY=
github.com/Azure/azure-sdk-for-go/sdk/messaging/azeventhubs v1.0.1/go.mod h1:fswVBSaYFoW4XXp3oXG0vuDVdToLr3kRzgp5oePMq5g=
github.com/Azure/go-amqp v1.0.0 h1:QfCugi1M+4F2JDTRgVnRw7PYXLXZ9hmqk3+9+oJh3OA=
github.com/Azure/go-amqp v1.0.0/go.mod h1:+bg0x3ce5+Q3ahCEXnCsGG3ETpDQe3MEVnOuT2ywPwc=
golang.org/x/net v0.8.0 h1:Zrh2ngAOFYneWTAIAPethzeaQLuHwhuBkuV6ZiRnUaQ=
golang.org/x/net v0.8.0/go.mod h1:QVkue5JL9kW//ek3r6jTKnTFis1tRmNAW2P1shuFdJc=
golang.org/x/text v0.8.0 h1:57P1ETyNKtuIjB4SRd15iJxuhj8Gc416Y78H3qgMh68=
golang.org/x/text v0.8.0/go.mod h1:e1OnstbJyHTd6l/uOt8jFFHp6TRDWZR/bV3emEE/zU8=
